{
  "version": 4,
  "terraform_version": "1.5.7",
  "serial": 423,
  "lineage": "4ee11ba4-ad37-2192-2742-d009a4f8f2b5",
  "outputs": {
    "teams": {
      "value": "t11\nt12\nt13\nt14\nt15\nstaff",
      "type": "string"
    }
  },
  "resources": [
    {
      "module": "module.onboarding[\"eastofeaston\"]",
      "mode": "data",
      "type": "github_membership",
      "name": "this",
      "provider": "provider[\"registry.terraform.io/hashicorp/github\"]",
      "instances": [
        {
          "schema_version": 0,
          "attributes": {
            "etag": "W/\"fb49e66f625d492bddef3266f4e5bf1b50ec1c5fc6bddaf5bd3385aa58ad0ef6\"",
            "id": "eastofeaston-testing:eastofeaston",
            "organization": null,
            "role": "admin",
            "state": "active",
            "username": "eastofeaston"
          },
          "sensitive_attributes": []
        }
      ]
    },
    {
      "module": "module.repository[\"11\"]",
      "mode": "managed",
      "type": "github_actions_variable",
      "name": "this",
      "provider": "provider[\"registry.terraform.io/hashicorp/github\"]",
      "instances": [
        {
          "index_key": 0,
          "schema_version": 0,
          "attributes": {
            "created_at": "2025-06-16 17:37:28 +0000 UTC",
            "id": "t11:netids",
            "repository": "t11",
            "updated_at": "2025-06-16 17:37:28 +0000 UTC",
            "value": "c832123456,izarow",
            "variable_name": "netids"
          },
          "sensitive_attributes": [],
          "private": "bnVsbA==",
          "dependencies": [
            "module.onboarding.data.github_membership.this",
            "module.onboarding.github_membership.this",
            "module.repository.github_repository.this",
            "module.team.github_team.this",
            "module.team.github_team_membership.this"
          ]
        }
      ]
    },
    {
      "module": "module.repository[\"11\"]",
      "mode": "managed",
      "type": "github_repository",
      "name": "this",
      "provider": "provider[\"registry.terraform.io/hashicorp/github\"]",
      "instances": [
        {
          "schema_version": 1,
          "attributes": {
            "allow_auto_merge": false,
            "allow_merge_commit": true,
            "allow_rebase_merge": true,
            "allow_squash_merge": true,
            "allow_update_branch": false,
            "archive_on_destroy": null,
            "archived": false,
            "auto_init": true,
            "default_branch": "main",
            "delete_branch_on_merge": false,
            "description": "t11's repository for work",
            "etag": "W/\"1da74d249a636e6326a6901e4dbe39ef9a04cb8b2f91022cac29a278e001f722\"",
            "full_name": "eastofeaston-testing/t11",
            "git_clone_url": "git://github.com/eastofeaston-testing/t11.git",
            "gitignore_template": null,
            "has_discussions": false,
            "has_downloads": false,
            "has_issues": false,
            "has_projects": false,
            "has_wiki": false,
            "homepage_url": "",
            "html_url": "https://github.com/eastofeaston-testing/t11",
            "http_clone_url": "https://github.com/eastofeaston-testing/t11.git",
            "id": "t11",
            "ignore_vulnerability_alerts_during_read": null,
            "is_template": false,
            "license_template": null,
            "merge_commit_message": "PR_TITLE",
            "merge_commit_title": "MERGE_MESSAGE",
            "name": "t11",
            "node_id": "R_kgDOO8rIYg",
            "pages": [],
            "primary_language": "",
            "private": true,
            "repo_id": 1003145314,
            "security_and_analysis": [],
            "squash_merge_commit_message": "COMMIT_MESSAGES",
            "squash_merge_commit_title": "COMMIT_OR_PR_TITLE",
            "ssh_clone_url": "git@github.com:eastofeaston-testing/t11.git",
            "svn_url": "https://github.com/eastofeaston-testing/t11",
            "template": [],
            "topics": [],
            "visibility": "private",
            "vulnerability_alerts": false,
            "web_commit_signoff_required": false
          },
          "sensitive_attributes": [],
          "private": "eyJzY2hlbWFfdmVyc2lvbiI6IjEifQ==",
          "dependencies": [
            "module.onboarding.data.github_membership.this",
            "module.onboarding.github_membership.this",
            "module.team.github_team.this",
            "module.team.github_team_membership.this"
          ]
        }
      ]
    },
    {
      "module": "module.repository[\"11\"]",
      "mode": "managed",
      "type": "github_team_repository",
      "name": "this",
      "provider": "provider[\"registry.terraform.io/hashicorp/github\"]",
      "instances": [
        {
          "index_key": 0,
          "schema_version": 0,
          "attributes": {
            "etag": "W/\"97dbb00da652a3c7a122421bfad4ca11aaceacdeb7ead80f80766c82424d3317\"",
            "id": "13323973:t11",
            "permission": "push",
            "repository": "t11",
            "team_id": "13323973"
          },
          "sensitive_attributes": [],
          "private": "bnVsbA==",
          "dependencies": [
            "module.onboarding.data.github_membership.this",
            "module.onboarding.github_membership.this",
            "module.repository.github_repository.this",
            "module.team.github_team.this",
            "module.team.github_team_membership.this"
          ]
        }
      ]
    },
    {
      "module": "module.repository[\"12\"]",
      "mode": "managed",
      "type": "github_actions_variable",
      "name": "this",
      "provider": "provider[\"registry.terraform.io/hashicorp/github\"]",
      "instances": [
        {
          "index_key": 0,
          "schema_version": 0,
          "attributes": {
            "created_at": "2025-06-16 17:37:25 +0000 UTC",
            "id": "t12:netids",
            "repository": "t12",
            "updated_at": "2025-06-16 17:37:25 +0000 UTC",
            "value": "c832123429,c832123453",
            "variable_name": "netids"
          },
          "sensitive_attributes": [],
          "private": "bnVsbA==",
          "dependencies": [
            "module.onboarding.data.github_membership.this",
            "module.onboarding.github_membership.this",
            "module.repository.github_repository.this",
            "module.team.github_team.this",
            "module.team.github_team_membership.this"
          ]
        }
      ]
    },
    {
      "module": "module.repository[\"12\"]",
      "mode": "managed",
      "type": "github_repository",
      "name": "this",
      "provider": "provider[\"registry.terraform.io/hashicorp/github\"]",
      "instances": [
        {
          "schema_version": 1,
          "attributes": {
            "allow_auto_merge": false,
            "allow_merge_commit": true,
            "allow_rebase_merge": true,
            "allow_squash_merge": true,
            "allow_update_branch": false,
            "archive_on_destroy": null,
            "archived": false,
            "auto_init": true,
            "default_branch": "main",
            "delete_branch_on_merge": false,
            "description": "t12's repository for work",
            "etag": "W/\"857b8dc0bdc5b1312acddb9dc9fb8f7be46ed43160336355a1d0ad8380a33c79\"",
            "full_name": "eastofeaston-testing/t12",
            "git_clone_url": "git://github.com/eastofeaston-testing/t12.git",
            "gitignore_template": null,
            "has_discussions": false,
            "has_downloads": false,
            "has_issues": false,
            "has_projects": false,
            "has_wiki": false,
            "homepage_url": "",
            "html_url": "https://github.com/eastofeaston-testing/t12",
            "http_clone_url": "https://github.com/eastofeaston-testing/t12.git",
            "id": "t12",
            "ignore_vulnerability_alerts_during_read": null,
            "is_template": false,
            "license_template": null,
            "merge_commit_message": "PR_TITLE",
            "merge_commit_title": "MERGE_MESSAGE",
            "name": "t12",
            "node_id": "R_kgDOO8rITw",
            "pages": [],
            "primary_language": "",
            "private": true,
            "repo_id": 1003145295,
            "security_and_analysis": [],
            "squash_merge_commit_message": "COMMIT_MESSAGES",
            "squash_merge_commit_title": "COMMIT_OR_PR_TITLE",
            "ssh_clone_url": "git@github.com:eastofeaston-testing/t12.git",
            "svn_url": "https://github.com/eastofeaston-testing/t12",
            "template": [],
            "topics": [],
            "visibility": "private",
            "vulnerability_alerts": false,
            "web_commit_signoff_required": false
          },
          "sensitive_attributes": [],
          "private": "eyJzY2hlbWFfdmVyc2lvbiI6IjEifQ==",
          "dependencies": [
            "module.onboarding.data.github_membership.this",
            "module.onboarding.github_membership.this",
            "module.team.github_team.this",
            "module.team.github_team_membership.this"
          ]
        }
      ]
    },
    {
      "module": "module.repository[\"12\"]",
      "mode": "managed",
      "type": "github_team_repository",
      "name": "this",
      "provider": "provider[\"registry.terraform.io/hashicorp/github\"]",
      "instances": [
        {
          "index_key": 0,
          "schema_version": 0,
          "attributes": {
            "etag": "W/\"1c4103e2a2fa7450723532c2a5a9c8dd23737053a8fe541e8c94a84fd2c5e644\"",
            "id": "13323976:t12",
            "permission": "push",
            "repository": "t12",
            "team_id": "13323976"
          },
          "sensitive_attributes": [],
          "private": "bnVsbA==",
          "dependencies": [
            "module.onboarding.data.github_membership.this",
            "module.onboarding.github_membership.this",
            "module.repository.github_repository.this",
            "module.team.github_team.this",
            "module.team.github_team_membership.this"
          ]
        }
      ]
    },
    {
      "module": "module.repository[\"13\"]",
      "mode": "managed",
      "type": "github_actions_variable",
      "name": "this",
      "provider": "provider[\"registry.terraform.io/hashicorp/github\"]",
      "instances": [
        {
          "index_key": 0,
          "schema_version": 0,
          "attributes": {
            "created_at": "2025-06-16 17:37:20 +0000 UTC",
            "id": "t13:netids",
            "repository": "t13",
            "updated_at": "2025-06-16 17:37:20 +0000 UTC",
            "value": "adiaz,hicksml",
            "variable_name": "netids"
          },
          "sensitive_attributes": [],
          "private": "bnVsbA==",
          "dependencies": [
            "module.onboarding.data.github_membership.this",
            "module.onboarding.github_membership.this",
            "module.repository.github_repository.this",
            "module.team.github_team.this",
            "module.team.github_team_membership.this"
          ]
        }
      ]
    },
    {
      "module": "module.repository[\"13\"]",
      "mode": "managed",
      "type": "github_repository",
      "name": "this",
      "provider": "provider[\"registry.terraform.io/hashicorp/github\"]",
      "instances": [
        {
          "schema_version": 1,
          "attributes": {
            "allow_auto_merge": false,
            "allow_merge_commit": true,
            "allow_rebase_merge": true,
            "allow_squash_merge": true,
            "allow_update_branch": false,
            "archive_on_destroy": null,
            "archived": false,
            "auto_init": true,
            "default_branch": "main",
            "delete_branch_on_merge": false,
            "description": "t13's repository for work",
            "etag": "W/\"5e0c534637369e771291a977b84a5e174aba31c5472ae6b127dce15b418a0e9c\"",
            "full_name": "eastofeaston-testing/t13",
            "git_clone_url": "git://github.com/eastofeaston-testing/t13.git",
            "gitignore_template": null,
            "has_discussions": false,
            "has_downloads": false,
            "has_issues": false,
            "has_projects": false,
            "has_wiki": false,
            "homepage_url": "",
            "html_url": "https://github.com/eastofeaston-testing/t13",
            "http_clone_url": "https://github.com/eastofeaston-testing/t13.git",
            "id": "t13",
            "ignore_vulnerability_alerts_during_read": null,
            "is_template": false,
            "license_template": null,
            "merge_commit_message": "PR_TITLE",
            "merge_commit_title": "MERGE_MESSAGE",
            "name": "t13",
            "node_id": "R_kgDOO8rIJQ",
            "pages": [],
            "primary_language": "",
            "private": true,
            "repo_id": 1003145253,
            "security_and_analysis": [],
            "squash_merge_commit_message": "COMMIT_MESSAGES",
            "squash_merge_commit_title": "COMMIT_OR_PR_TITLE",
            "ssh_clone_url": "git@github.com:eastofeaston-testing/t13.git",
            "svn_url": "https://github.com/eastofeaston-testing/t13",
            "template": [],
            "topics": [],
            "visibility": "private",
            "vulnerability_alerts": false,
            "web_commit_signoff_required": false
          },
          "sensitive_attributes": [],
          "private": "eyJzY2hlbWFfdmVyc2lvbiI6IjEifQ==",
          "dependencies": [
            "module.onboarding.data.github_membership.this",
            "module.onboarding.github_membership.this",
            "module.team.github_team.this",
            "module.team.github_team_membership.this"
          ]
        }
      ]
    },
    {
      "module": "module.repository[\"13\"]",
      "mode": "managed",
      "type": "github_team_repository",
      "name": "this",
      "provider": "provider[\"registry.terraform.io/hashicorp/github\"]",
      "instances": [
        {
          "index_key": 0,
          "schema_version": 0,
          "attributes": {
            "etag": "W/\"28df713cfecc1caeff241c2cd80151d6d4d14e2bd991d852c3bf084f68c34de2\"",
            "id": "13323977:t13",
            "permission": "push",
            "repository": "t13",
            "team_id": "13323977"
          },
          "sensitive_attributes": [],
          "private": "bnVsbA==",
          "dependencies": [
            "module.onboarding.data.github_membership.this",
            "module.onboarding.github_membership.this",
            "module.repository.github_repository.this",
            "module.team.github_team.this",
            "module.team.github_team_membership.this"
          ]
        }
      ]
    },
    {
      "module": "module.repository[\"14\"]",
      "mode": "managed",
      "type": "github_actions_variable",
      "name": "this",
      "provider": "provider[\"registry.terraform.io/hashicorp/github\"]",
      "instances": [
        {
          "index_key": 0,
          "schema_version": 0,
          "attributes": {
            "created_at": "2025-06-16 17:37:34 +0000 UTC",
            "id": "t14:netids",
            "repository": "t14",
            "updated_at": "2025-06-16 17:37:34 +0000 UTC",
            "value": "c832123222,c832123902",
            "variable_name": "netids"
          },
          "sensitive_attributes": [],
          "private": "bnVsbA==",
          "dependencies": [
            "module.onboarding.data.github_membership.this",
            "module.onboarding.github_membership.this",
            "module.repository.github_repository.this",
            "module.team.github_team.this",
            "module.team.github_team_membership.this"
          ]
        }
      ]
    },
    {
      "module": "module.repository[\"14\"]",
      "mode": "managed",
      "type": "github_repository",
      "name": "this",
      "provider": "provider[\"registry.terraform.io/hashicorp/github\"]",
      "instances": [
        {
          "schema_version": 1,
          "attributes": {
            "allow_auto_merge": false,
            "allow_merge_commit": true,
            "allow_rebase_merge": true,
            "allow_squash_merge": true,
            "allow_update_branch": false,
            "archive_on_destroy": null,
            "archived": false,
            "auto_init": true,
            "default_branch": "main",
            "delete_branch_on_merge": false,
            "description": "t14's repository for work",
            "etag": "W/\"326b07604194790a9f931015b8ac3bba5213ff33ccf6d8dd2e5f9cbc836c1808\"",
            "full_name": "eastofeaston-testing/t14",
            "git_clone_url": "git://github.com/eastofeaston-testing/t14.git",
            "gitignore_template": null,
            "has_discussions": false,
            "has_downloads": false,
            "has_issues": false,
            "has_projects": false,
            "has_wiki": false,
            "homepage_url": "",
            "html_url": "https://github.com/eastofeaston-testing/t14",
            "http_clone_url": "https://github.com/eastofeaston-testing/t14.git",
            "id": "t14",
            "ignore_vulnerability_alerts_during_read": null,
            "is_template": false,
            "license_template": null,
            "merge_commit_message": "PR_TITLE",
            "merge_commit_title": "MERGE_MESSAGE",
            "name": "t14",
            "node_id": "R_kgDOO8rIkA",
            "pages": [],
            "primary_language": "",
            "private": true,
            "repo_id": 1003145360,
            "security_and_analysis": [],
            "squash_merge_commit_message": "COMMIT_MESSAGES",
            "squash_merge_commit_title": "COMMIT_OR_PR_TITLE",
            "ssh_clone_url": "git@github.com:eastofeaston-testing/t14.git",
            "svn_url": "https://github.com/eastofeaston-testing/t14",
            "template": [],
            "topics": [],
            "visibility": "private",
            "vulnerability_alerts": false,
            "web_commit_signoff_required": false
          },
          "sensitive_attributes": [],
          "private": "eyJzY2hlbWFfdmVyc2lvbiI6IjEifQ==",
          "dependencies": [
            "module.onboarding.data.github_membership.this",
            "module.onboarding.github_membership.this",
            "module.team.github_team.this",
            "module.team.github_team_membership.this"
          ]
        }
      ]
    },
    {
      "module": "module.repository[\"14\"]",
      "mode": "managed",
      "type": "github_team_repository",
      "name": "this",
      "provider": "provider[\"registry.terraform.io/hashicorp/github\"]",
      "instances": [
        {
          "index_key": 0,
          "schema_version": 0,
          "attributes": {
            "etag": "W/\"78ab73bbb3a70724c8301a5d029dee45bf6642d97da923dd51c80274bd3e3fa3\"",
            "id": "13323978:t14",
            "permission": "push",
            "repository": "t14",
            "team_id": "13323978"
          },
          "sensitive_attributes": [],
          "private": "bnVsbA==",
          "dependencies": [
            "module.onboarding.data.github_membership.this",
            "module.onboarding.github_membership.this",
            "module.repository.github_repository.this",
            "module.team.github_team.this",
            "module.team.github_team_membership.this"
          ]
        }
      ]
    },
    {
      "module": "module.repository[\"15\"]",
      "mode": "managed",
      "type": "github_actions_variable",
      "name": "this",
      "provider": "provider[\"registry.terraform.io/hashicorp/github\"]",
      "instances": [
        {
          "index_key": 0,
          "schema_version": 0,
          "attributes": {
            "created_at": "2025-06-16 17:37:21 +0000 UTC",
            "id": "t15:netids",
            "repository": "t15",
            "updated_at": "2025-06-16 17:37:21 +0000 UTC",
            "value": "c832123134,c832123334",
            "variable_name": "netids"
          },
          "sensitive_attributes": [],
          "private": "bnVsbA==",
          "dependencies": [
            "module.onboarding.data.github_membership.this",
            "module.onboarding.github_membership.this",
            "module.repository.github_repository.this",
            "module.team.github_team.this",
            "module.team.github_team_membership.this"
          ]
        }
      ]
    },
    {
      "module": "module.repository[\"15\"]",
      "mode": "managed",
      "type": "github_repository",
      "name": "this",
      "provider": "provider[\"registry.terraform.io/hashicorp/github\"]",
      "instances": [
        {
          "schema_version": 1,
          "attributes": {
            "allow_auto_merge": false,
            "allow_merge_commit": true,
            "allow_rebase_merge": true,
            "allow_squash_merge": true,
            "allow_update_branch": false,
            "archive_on_destroy": null,
            "archived": false,
            "auto_init": true,
            "default_branch": "main",
            "delete_branch_on_merge": false,
            "description": "t15's repository for work",
            "etag": "W/\"e2154b9844a0be0f7fce36d37e4d8aafc3fa25c19ea446e6603640ba052f4b30\"",
            "full_name": "eastofeaston-testing/t15",
            "git_clone_url": "git://github.com/eastofeaston-testing/t15.git",
            "gitignore_template": null,
            "has_discussions": false,
            "has_downloads": false,
            "has_issues": false,
            "has_projects": false,
            "has_wiki": false,
            "homepage_url": "",
            "html_url": "https://github.com/eastofeaston-testing/t15",
            "http_clone_url": "https://github.com/eastofeaston-testing/t15.git",
            "id": "t15",
            "ignore_vulnerability_alerts_during_read": null,
            "is_template": false,
            "license_template": null,
            "merge_commit_message": "PR_TITLE",
            "merge_commit_title": "MERGE_MESSAGE",
            "name": "t15",
            "node_id": "R_kgDOO8rINw",
            "pages": [],
            "primary_language": "",
            "private": true,
            "repo_id": 1003145271,
            "security_and_analysis": [],
            "squash_merge_commit_message": "COMMIT_MESSAGES",
            "squash_merge_commit_title": "COMMIT_OR_PR_TITLE",
            "ssh_clone_url": "git@github.com:eastofeaston-testing/t15.git",
            "svn_url": "https://github.com/eastofeaston-testing/t15",
            "template": [],
            "topics": [],
            "visibility": "private",
            "vulnerability_alerts": false,
            "web_commit_signoff_required": false
          },
          "sensitive_attributes": [],
          "private": "eyJzY2hlbWFfdmVyc2lvbiI6IjEifQ==",
          "dependencies": [
            "module.onboarding.data.github_membership.this",
            "module.onboarding.github_membership.this",
            "module.team.github_team.this",
            "module.team.github_team_membership.this"
          ]
        }
      ]
    },
    {
      "module": "module.repository[\"15\"]",
      "mode": "managed",
      "type": "github_team_repository",
      "name": "this",
      "provider": "provider[\"registry.terraform.io/hashicorp/github\"]",
      "instances": [
        {
          "index_key": 0,
          "schema_version": 0,
          "attributes": {
            "etag": "W/\"54bb64600a53a267e13d286b87603f7bfa053836ec261561e41e7a854d6aaff1\"",
            "id": "13323974:t15",
            "permission": "push",
            "repository": "t15",
            "team_id": "13323974"
          },
          "sensitive_attributes": [],
          "private": "bnVsbA==",
          "dependencies": [
            "module.onboarding.data.github_membership.this",
            "module.onboarding.github_membership.this",
            "module.repository.github_repository.this",
            "module.team.github_team.this",
            "module.team.github_team_membership.this"
          ]
        }
      ]
    },
    {
      "module": "module.repository[\"staff\"]",
      "mode": "managed",
      "type": "github_repository",
      "name": "this",
      "provider": "provider[\"registry.terraform.io/hashicorp/github\"]",
      "instances": [
        {
          "schema_version": 1,
          "attributes": {
            "allow_auto_merge": false,
            "allow_merge_commit": true,
            "allow_rebase_merge": true,
            "allow_squash_merge": true,
            "allow_update_branch": false,
            "archive_on_destroy": null,
            "archived": false,
            "auto_init": true,
            "default_branch": "main",
            "delete_branch_on_merge": false,
            "description": "staff's repository for work",
            "etag": "W/\"1ef8fa9f5eb3234b50a80578a12ead853e17f3075cd20f1cf96377454c3384ca\"",
            "full_name": "eastofeaston-testing/staff",
            "git_clone_url": "git://github.com/eastofeaston-testing/staff.git",
            "gitignore_template": null,
            "has_discussions": false,
            "has_downloads": false,
            "has_issues": false,
            "has_projects": false,
            "has_wiki": false,
            "homepage_url": "",
            "html_url": "https://github.com/eastofeaston-testing/staff",
            "http_clone_url": "https://github.com/eastofeaston-testing/staff.git",
            "id": "staff",
            "ignore_vulnerability_alerts_during_read": null,
            "is_template": false,
            "license_template": null,
            "merge_commit_message": "PR_TITLE",
            "merge_commit_title": "MERGE_MESSAGE",
            "name": "staff",
            "node_id": "R_kgDOO8rIew",
            "pages": [],
            "primary_language": "",
            "private": true,
            "repo_id": 1003145339,
            "security_and_analysis": [],
            "squash_merge_commit_message": "COMMIT_MESSAGES",
            "squash_merge_commit_title": "COMMIT_OR_PR_TITLE",
            "ssh_clone_url": "git@github.com:eastofeaston-testing/staff.git",
            "svn_url": "https://github.com/eastofeaston-testing/staff",
            "template": [],
            "topics": [],
            "visibility": "private",
            "vulnerability_alerts": false,
            "web_commit_signoff_required": false
          },
          "sensitive_attributes": [],
          "private": "eyJzY2hlbWFfdmVyc2lvbiI6IjEifQ==",
          "dependencies": [
            "module.onboarding.data.github_membership.this",
            "module.onboarding.github_membership.this",
            "module.team.github_team.this",
            "module.team.github_team_membership.this"
          ]
        }
      ]
    },
    {
      "module": "module.repository[\"staff\"]",
      "mode": "managed",
      "type": "github_team_repository",
      "name": "this",
      "provider": "provider[\"registry.terraform.io/hashicorp/github\"]",
      "instances": [
        {
          "index_key": 0,
          "schema_version": 0,
          "attributes": {
            "etag": "W/\"21cc140d82480220df90a3c25605a7393bd19ab5203b672908f02963a9ffc434\"",
            "id": "13323975:staff",
            "permission": "push",
            "repository": "staff",
            "team_id": "13323975"
          },
          "sensitive_attributes": [],
          "private": "bnVsbA==",
          "dependencies": [
            "module.onboarding.data.github_membership.this",
            "module.onboarding.github_membership.this",
            "module.repository.github_repository.this",
            "module.team.github_team.this",
            "module.team.github_team_membership.this"
          ]
        }
      ]
    },
    {
      "module": "module.sprintboundaries",
      "mode": "managed",
      "type": "github_actions_organization_variable",
      "name": "this",
      "provider": "provider[\"registry.terraform.io/hashicorp/github\"]",
      "instances": [
        {
          "schema_version": 0,
          "attributes": {
            "created_at": "2025-06-16 17:36:22 +0000 UTC",
            "id": "sprints",
            "selected_repository_ids": null,
            "updated_at": "2025-06-16 17:36:22 +0000 UTC",
            "value": "1,2025.01.20.08.00,2025.02.06.18.59\n2,2025.02.10.08.00,2025.02.27.18.59\n3,2025.03.03.08.00,2025.03.27.18.59\n4,2025.03.31.08.00,2025.04.17.18.59\n5,2025.04.21.08.00,2025.05.08.18.59",
            "variable_name": "sprints",
            "visibility": "private"
          },
          "sensitive_attributes": [],
          "private": "bnVsbA==",
          "dependencies": [
            "module.sprintboundaries.time_offset.ends",
            "module.sprintboundaries.time_offset.starts"
          ]
        }
      ]
    },
    {
      "module": "module.sprintboundaries",
      "mode": "managed",
      "type": "time_offset",
      "name": "ends",
      "provider": "provider[\"registry.terraform.io/hashicorp/time\"]",
      "instances": [
        {
          "index_key": "0",
          "schema_version": 0,
          "attributes": {
            "base_rfc3339": "2025-01-20T18:59:00Z",
            "day": 6,
            "hour": 18,
            "id": "2025-01-20T18:59:00Z",
            "minute": 59,
            "month": 2,
            "offset_days": 17,
            "offset_hours": null,
            "offset_minutes": null,
            "offset_months": null,
            "offset_seconds": null,
            "offset_years": null,
            "rfc3339": "2025-02-06T18:59:00Z",
            "second": 0,
            "triggers": null,
            "unix": 1738868340,
            "year": 2025
          },
          "sensitive_attributes": []
        },
        {
          "index_key": "1",
          "schema_version": 0,
          "attributes": {
            "base_rfc3339": "2025-01-20T18:59:00Z",
            "day": 27,
            "hour": 18,
            "id": "2025-01-20T18:59:00Z",
            "minute": 59,
            "month": 2,
            "offset_days": 38,
            "offset_hours": null,
            "offset_minutes": null,
            "offset_months": null,
            "offset_seconds": null,
            "offset_years": null,
            "rfc3339": "2025-02-27T18:59:00Z",
            "second": 0,
            "triggers": null,
            "unix": 1740682740,
            "year": 2025
          },
          "sensitive_attributes": []
        },
        {
          "index_key": "2",
          "schema_version": 0,
          "attributes": {
            "base_rfc3339": "2025-01-20T18:59:00Z",
            "day": 27,
            "hour": 18,
            "id": "2025-01-20T18:59:00Z",
            "minute": 59,
            "month": 3,
            "offset_days": 66,
            "offset_hours": null,
            "offset_minutes": null,
            "offset_months": null,
            "offset_seconds": null,
            "offset_years": null,
            "rfc3339": "2025-03-27T18:59:00Z",
            "second": 0,
            "triggers": null,
            "unix": 1743101940,
            "year": 2025
          },
          "sensitive_attributes": []
        },
        {
          "index_key": "3",
          "schema_version": 0,
          "attributes": {
            "base_rfc3339": "2025-01-20T18:59:00Z",
            "day": 17,
            "hour": 18,
            "id": "2025-01-20T18:59:00Z",
            "minute": 59,
            "month": 4,
            "offset_days": 87,
            "offset_hours": null,
            "offset_minutes": null,
            "offset_months": null,
            "offset_seconds": null,
            "offset_years": null,
            "rfc3339": "2025-04-17T18:59:00Z",
            "second": 0,
            "triggers": null,
            "unix": 1744916340,
            "year": 2025
          },
          "sensitive_attributes": []
        },
        {
          "index_key": "4",
          "schema_version": 0,
          "attributes": {
            "base_rfc3339": "2025-01-20T18:59:00Z",
            "day": 8,
            "hour": 18,
            "id": "2025-01-20T18:59:00Z",
            "minute": 59,
            "month": 5,
            "offset_days": 108,
            "offset_hours": null,
            "offset_minutes": null,
            "offset_months": null,
            "offset_seconds": null,
            "offset_years": null,
            "rfc3339": "2025-05-08T18:59:00Z",
            "second": 0,
            "triggers": null,
            "unix": 1746730740,
            "year": 2025
          },
          "sensitive_attributes": []
        }
      ]
    },
    {
      "module": "module.sprintboundaries",
      "mode": "managed",
      "type": "time_offset",
      "name": "starts",
      "provider": "provider[\"registry.terraform.io/hashicorp/time\"]",
      "instances": [
        {
          "index_key": "0",
          "schema_version": 0,
          "attributes": {
            "base_rfc3339": "2025-01-20T08:00:00Z",
            "day": 20,
            "hour": 8,
            "id": "2025-01-20T08:00:00Z",
            "minute": 0,
            "month": 1,
            "offset_days": 0,
            "offset_hours": null,
            "offset_minutes": null,
            "offset_months": null,
            "offset_seconds": null,
            "offset_years": null,
            "rfc3339": "2025-01-20T08:00:00Z",
            "second": 0,
            "triggers": null,
            "unix": 1737360000,
            "year": 2025
          },
          "sensitive_attributes": []
        },
        {
          "index_key": "1",
          "schema_version": 0,
          "attributes": {
            "base_rfc3339": "2025-01-20T08:00:00Z",
            "day": 10,
            "hour": 8,
            "id": "2025-01-20T08:00:00Z",
            "minute": 0,
            "month": 2,
            "offset_days": 21,
            "offset_hours": null,
            "offset_minutes": null,
            "offset_months": null,
            "offset_seconds": null,
            "offset_years": null,
            "rfc3339": "2025-02-10T08:00:00Z",
            "second": 0,
            "triggers": null,
            "unix": 1739174400,
            "year": 2025
          },
          "sensitive_attributes": []
        },
        {
          "index_key": "2",
          "schema_version": 0,
          "attributes": {
            "base_rfc3339": "2025-01-20T08:00:00Z",
            "day": 3,
            "hour": 8,
            "id": "2025-01-20T08:00:00Z",
            "minute": 0,
            "month": 3,
            "offset_days": 42,
            "offset_hours": null,
            "offset_minutes": null,
            "offset_months": null,
            "offset_seconds": null,
            "offset_years": null,
            "rfc3339": "2025-03-03T08:00:00Z",
            "second": 0,
            "triggers": null,
            "unix": 1740988800,
            "year": 2025
          },
          "sensitive_attributes": []
        },
        {
          "index_key": "3",
          "schema_version": 0,
          "attributes": {
            "base_rfc3339": "2025-01-20T08:00:00Z",
            "day": 31,
            "hour": 8,
            "id": "2025-01-20T08:00:00Z",
            "minute": 0,
            "month": 3,
            "offset_days": 70,
            "offset_hours": null,
            "offset_minutes": null,
            "offset_months": null,
            "offset_seconds": null,
            "offset_years": null,
            "rfc3339": "2025-03-31T08:00:00Z",
            "second": 0,
            "triggers": null,
            "unix": 1743408000,
            "year": 2025
          },
          "sensitive_attributes": []
        },
        {
          "index_key": "4",
          "schema_version": 0,
          "attributes": {
            "base_rfc3339": "2025-01-20T08:00:00Z",
            "day": 21,
            "hour": 8,
            "id": "2025-01-20T08:00:00Z",
            "minute": 0,
            "month": 4,
            "offset_days": 91,
            "offset_hours": null,
            "offset_minutes": null,
            "offset_months": null,
            "offset_seconds": null,
            "offset_years": null,
            "rfc3339": "2025-04-21T08:00:00Z",
            "second": 0,
            "triggers": null,
            "unix": 1745222400,
            "year": 2025
          },
          "sensitive_attributes": []
        }
      ]
    },
    {
      "module": "module.team[\"11\"]",
      "mode": "managed",
      "type": "github_team",
      "name": "this",
      "provider": "provider[\"registry.terraform.io/hashicorp/github\"]",
      "instances": [
        {
          "schema_version": 0,
          "attributes": {
            "create_default_maintainer": false,
            "description": "Team t11",
            "etag": "W/\"962cc59ce77ac968380491677ed79bacb291f7ca406dc69440bb18d5cf50f6ce\"",
            "id": "13323973",
            "ldap_dn": "",
            "members_count": 0,
            "name": "t11",
            "node_id": "T_kwDODN4-Ec4Ay07F",
            "parent_team_id": "",
            "parent_team_read_id": "",
            "parent_team_read_slug": "",
            "privacy": "closed",
            "slug": "t11"
          },
          "sensitive_attributes": [],
          "private": "bnVsbA==",
          "dependencies": [
            "module.onboarding.data.github_membership.this",
            "module.onboarding.github_membership.this"
          ]
        }
      ]
    },
    {
      "module": "module.team[\"11\"]",
      "mode": "managed",
      "type": "github_team_membership",
      "name": "this",
      "provider": "provider[\"registry.terraform.io/hashicorp/github\"]",
      "instances": [
        {
          "index_key": "eastofeaston",
          "schema_version": 0,
          "attributes": {
            "etag": "W/\"4e60ee38e481d71d87a458be7f7cf1daa8421784e2c31e27a23f59eaa465f2a7\"",
            "id": "13323973:eastofeaston",
            "role": "maintainer",
            "team_id": "13323973",
            "username": "eastofeaston"
          },
          "sensitive_attributes": [],
          "private": "bnVsbA==",
          "dependencies": [
            "module.onboarding.data.github_membership.this",
            "module.onboarding.github_membership.this",
            "module.team.github_team.this"
          ]
        }
      ]
    },
    {
      "module": "module.team[\"12\"]",
      "mode": "managed",
      "type": "github_team",
      "name": "this",
      "provider": "provider[\"registry.terraform.io/hashicorp/github\"]",
      "instances": [
        {
          "schema_version": 0,
          "attributes": {
            "create_default_maintainer": false,
            "description": "Team t12",
            "etag": "W/\"d829127c55c03627c6899032482b11c72a92be20d85232830bce306b596e5183\"",
            "id": "13323976",
            "ldap_dn": "",
            "members_count": 0,
            "name": "t12",
            "node_id": "T_kwDODN4-Ec4Ay07I",
            "parent_team_id": "",
            "parent_team_read_id": "",
            "parent_team_read_slug": "",
            "privacy": "closed",
            "slug": "t12"
          },
          "sensitive_attributes": [],
          "private": "bnVsbA==",
          "dependencies": [
            "module.onboarding.data.github_membership.this",
            "module.onboarding.github_membership.this"
          ]
        }
      ]
    },
    {
      "module": "module.team[\"12\"]",
      "mode": "managed",
      "type": "github_team_membership",
      "name": "this",
      "provider": "provider[\"registry.terraform.io/hashicorp/github\"]",
      "instances": [
        {
          "index_key": "eastofeaston",
          "schema_version": 0,
          "attributes": {
            "etag": "W/\"8a2bfbd5d47012131cf35ba70727e815089d64dd39695d93f567e28eeef88f83\"",
            "id": "13323976:eastofeaston",
            "role": "maintainer",
            "team_id": "13323976",
            "username": "eastofeaston"
          },
          "sensitive_attributes": [],
          "private": "bnVsbA==",
          "dependencies": [
            "module.onboarding.data.github_membership.this",
            "module.onboarding.github_membership.this",
            "module.team.github_team.this"
          ]
        }
      ]
    },
    {
      "module": "module.team[\"13\"]",
      "mode": "managed",
      "type": "github_team",
      "name": "this",
      "provider": "provider[\"registry.terraform.io/hashicorp/github\"]",
      "instances": [
        {
          "schema_version": 0,
          "attributes": {
            "create_default_maintainer": false,
            "description": "Team t13",
            "etag": "W/\"e9d2e2d145db5af7efb7e3928c66d276d81eb868743376c5fbd4bd48ee6f9ba0\"",
            "id": "13323977",
            "ldap_dn": "",
            "members_count": 0,
            "name": "t13",
            "node_id": "T_kwDODN4-Ec4Ay07J",
            "parent_team_id": "",
            "parent_team_read_id": "",
            "parent_team_read_slug": "",
            "privacy": "closed",
            "slug": "t13"
          },
          "sensitive_attributes": [],
          "private": "bnVsbA==",
          "dependencies": [
            "module.onboarding.data.github_membership.this",
            "module.onboarding.github_membership.this"
          ]
        }
      ]
    },
    {
      "module": "module.team[\"13\"]",
      "mode": "managed",
      "type": "github_team_membership",
      "name": "this",
      "provider": "provider[\"registry.terraform.io/hashicorp/github\"]",
      "instances": [
        {
          "index_key": "eastofeaston",
          "schema_version": 0,
          "attributes": {
            "etag": "W/\"edddd1043b01514312d1b1b4e05b8a157e5b376c01c720262acd5ec55b4a0772\"",
            "id": "13323977:eastofeaston",
            "role": "maintainer",
            "team_id": "13323977",
            "username": "eastofeaston"
          },
          "sensitive_attributes": [],
          "private": "bnVsbA==",
          "dependencies": [
            "module.onboarding.data.github_membership.this",
            "module.onboarding.github_membership.this",
            "module.team.github_team.this"
          ]
        }
      ]
    },
    {
      "module": "module.team[\"14\"]",
      "mode": "managed",
      "type": "github_team",
      "name": "this",
      "provider": "provider[\"registry.terraform.io/hashicorp/github\"]",
      "instances": [
        {
          "schema_version": 0,
          "attributes": {
            "create_default_maintainer": false,
            "description": "Team t14",
            "etag": "W/\"0eeb8e5f1d3bde0f4add6845e5371f84b18c2101e52b8933c0a8b7c935ac544d\"",
            "id": "13323978",
            "ldap_dn": "",
            "members_count": 0,
            "name": "t14",
            "node_id": "T_kwDODN4-Ec4Ay07K",
            "parent_team_id": "",
            "parent_team_read_id": "",
            "parent_team_read_slug": "",
            "privacy": "closed",
            "slug": "t14"
          },
          "sensitive_attributes": [],
          "private": "bnVsbA==",
          "dependencies": [
            "module.onboarding.data.github_membership.this",
            "module.onboarding.github_membership.this"
          ]
        }
      ]
    },
    {
      "module": "module.team[\"14\"]",
      "mode": "managed",
      "type": "github_team_membership",
      "name": "this",
      "provider": "provider[\"registry.terraform.io/hashicorp/github\"]",
      "instances": [
        {
          "index_key": "eastofeaston",
          "schema_version": 0,
          "attributes": {
            "etag": "W/\"266bcb852d13b7e178eb253e885d2c73141fc126f37cfc8b6bb710a360475690\"",
            "id": "13323978:eastofeaston",
            "role": "maintainer",
            "team_id": "13323978",
            "username": "eastofeaston"
          },
          "sensitive_attributes": [],
          "private": "bnVsbA==",
          "dependencies": [
            "module.onboarding.data.github_membership.this",
            "module.onboarding.github_membership.this",
            "module.team.github_team.this"
          ]
        }
      ]
    },
    {
      "module": "module.team[\"15\"]",
      "mode": "managed",
      "type": "github_team",
      "name": "this",
      "provider": "provider[\"registry.terraform.io/hashicorp/github\"]",
      "instances": [
        {
          "schema_version": 0,
          "attributes": {
            "create_default_maintainer": false,
            "description": "Team t15",
            "etag": "W/\"47884eed00d77a139631c309065c8caa3244c5cffe2c3e3b31ac2f439d8d057a\"",
            "id": "13323974",
            "ldap_dn": "",
            "members_count": 0,
            "name": "t15",
            "node_id": "T_kwDODN4-Ec4Ay07G",
            "parent_team_id": "",
            "parent_team_read_id": "",
            "parent_team_read_slug": "",
            "privacy": "closed",
            "slug": "t15"
          },
          "sensitive_attributes": [],
          "private": "bnVsbA==",
          "dependencies": [
            "module.onboarding.data.github_membership.this",
            "module.onboarding.github_membership.this"
          ]
        }
      ]
    },
    {
      "module": "module.team[\"15\"]",
      "mode": "managed",
      "type": "github_team_membership",
      "name": "this",
      "provider": "provider[\"registry.terraform.io/hashicorp/github\"]",
      "instances": [
        {
          "index_key": "eastofeaston",
          "schema_version": 0,
          "attributes": {
            "etag": "W/\"70477f941aea2a1f642cafc6309297544b63021eff8db36b27d23fc1a5f5e529\"",
            "id": "13323974:eastofeaston",
            "role": "maintainer",
            "team_id": "13323974",
            "username": "eastofeaston"
          },
          "sensitive_attributes": [],
          "private": "bnVsbA==",
          "dependencies": [
            "module.onboarding.data.github_membership.this",
            "module.onboarding.github_membership.this",
            "module.team.github_team.this"
          ]
        }
      ]
    },
    {
      "module": "module.team[\"staff\"]",
      "mode": "managed",
      "type": "github_team",
      "name": "this",
      "provider": "provider[\"registry.terraform.io/hashicorp/github\"]",
      "instances": [
        {
          "schema_version": 0,
          "attributes": {
            "create_default_maintainer": false,
            "description": "Team staff",
            "etag": "W/\"e2d41f66cf88dcdf24f34183655f84df9d026a245c0aea8b569538fb717cbdaf\"",
            "id": "13323975",
            "ldap_dn": "",
            "members_count": 0,
            "name": "staff",
            "node_id": "T_kwDODN4-Ec4Ay07H",
            "parent_team_id": "",
            "parent_team_read_id": "",
            "parent_team_read_slug": "",
            "privacy": "closed",
            "slug": "staff"
          },
          "sensitive_attributes": [],
          "private": "bnVsbA==",
          "dependencies": [
            "module.onboarding.data.github_membership.this",
            "module.onboarding.github_membership.this"
          ]
        }
      ]
    }
  ],
  "check_results": null
}
